
Microsoft Visual Studio Solution File, Format Version 12.00
# Visual Studio Version 17
VisualStudioVersion = 17.8.34511.84
MinimumVisualStudioVersion = 10.0.40219.1
Project("{FAE04EC0-301F-11D3-BF4B-00C04F79EFBC}") = "Spring2024", "Spring2024\Spring2024.csproj", "{DEFF2AF2-B6D2-4947-B2C1-978BA365FDDE}"
EndProject
Global
	GlobalSection(SolutionConfigurationPlatforms) = preSolution
		Debug|Any CPU = Debug|Any CPU
		Release|Any CPU = Release|Any CPU
	EndGlobalSection
	GlobalSection(ProjectConfigurationPlatforms) = postSolution
		{DEFF2AF2-B6D2-4947-B2C1-978BA365FDDE}.Debug|Any CPU.ActiveCfg = Debug|Any CPU
		{DEFF2AF2-B6D2-4947-B2C1-978BA365FDDE}.Debug|Any CPU.Build.0 = Debug|Any CPU
		{DEFF2AF2-B6D2-4947-B2C1-978BA365FDDE}.Debug|Any CPU.Deploy.0 = Debug|Any CPU
		{DEFF2AF2-B6D2-4947-B2C1-978BA365FDDE}.Release|Any CPU.ActiveCfg = Release|Any CPU
		{DEFF2AF2-B6D2-4947-B2C1-978BA365FDDE}.Release|Any CPU.Build.0 = Release|Any CPU
		{DEFF2AF2-B6D2-4947-B2C1-978BA365FDDE}.Release|Any CPU.Deploy.0 = Release|Any CPU
	EndGlobalSection
	GlobalSection(SolutionProperties) = preSolution
		HideSolutionNode = FALSE
	EndGlobalSection
	GlobalSection(ExtensibilityGlobals) = postSolution
		SolutionGuid = {B36DD02E-A4FE-4CF2-BE1B-E85D7EA0E055}
	EndGlobalSection
EndGlobal
